
Microsoft Visual Studio Solution File, Format Version 12.00
# Visual Studio Version 17
VisualStudioVersion = 17.0.31903.59
MinimumVisualStudioVersion = 10.0.40219.1
Project("{FAE04EC0-301F-11D3-BF4B-00C04F79EFBC}") = "MikyM.Common.Domain_Net5", "MikyM.Common.Domain_Net5\MikyM.Common.Domain_Net5.csproj", "{B89B3835-372D-49B4-84AA-0D49091EC7D5}"
EndProject
Global
	GlobalSection(SolutionConfigurationPlatforms) = preSolution
		Debug|Any CPU = Debug|Any CPU
		Release|Any CPU = Release|Any CPU
	EndGlobalSection
	GlobalSection(ProjectConfigurationPlatforms) = postSolution
		{B89B3835-372D-49B4-84AA-0D49091EC7D5}.Debug|Any CPU.ActiveCfg = Debug|Any CPU
		{B89B3835-372D-49B4-84AA-0D49091EC7D5}.Debug|Any CPU.Build.0 = Debug|Any CPU
		{B89B3835-372D-49B4-84AA-0D49091EC7D5}.Release|Any CPU.ActiveCfg = Release|Any CPU
		{B89B3835-372D-49B4-84AA-0D49091EC7D5}.Release|Any CPU.Build.0 = Release|Any CPU
	EndGlobalSection
	GlobalSection(SolutionProperties) = preSolution
		HideSolutionNode = FALSE
	EndGlobalSection
	GlobalSection(ExtensibilityGlobals) = postSolution
		SolutionGuid = {B061785B-6C53-455D-9581-41F5CB0EC8CA}
	EndGlobalSection
EndGlobal
